
Microsoft Visual Studio Solution File, Format Version 12.00
# Visual Studio Version 16
VisualStudioVersion = 16.0.30413.136
MinimumVisualStudioVersion = 10.0.40219.1
Project("{FAE04EC0-301F-11D3-BF4B-00C04F79EFBC}") = "GEOCOM.GNSDatashop.Export.DXF", "GEOCOM.GNSDatashop.Export.DXF\GEOCOM.GNSDatashop.Export.DXF.csproj", "{FBFFB17A-D935-4B27-B5F4-73F8FB8E41E2}"
EndProject
Project("{FAE04EC0-301F-11D3-BF4B-00C04F79EFBC}") = "GEOCOM.GNSDatashop.Export.DXF.Common", "GEOCOM.GNSDatashop.Export.DXF.Common\GEOCOM.GNSDatashop.Export.DXF.Common.csproj", "{D2EECA43-FC8E-458A-AA41-9D32AC219187}"
EndProject
Project("{8BC9CEB8-8B4A-11D0-8D11-00A0C91BC942}") = "TTFExtractor", "TTFExtractor\TTFExtractor.vcxproj", "{6587CD69-241A-4A14-B50E-AF31AC4D4B6A}"
EndProject
Project("{FAE04EC0-301F-11D3-BF4B-00C04F79EFBC}") = "GEOCOM.GNSDatashop.Export.DXF.MapSymbology", "GEOCOM.GNSDatashop.Export.DXF.Symbology\GEOCOM.GNSDatashop.Export.DXF.MapSymbology.csproj", "{8681684B-D7E4-46BD-A0F3-B325018002FE}"
EndProject
Project("{FAE04EC0-301F-11D3-BF4B-00C04F79EFBC}") = "GEOCOM.GNSDatashop.Export.DXF.ArcMap.Command", "GEOCOM.GNSDatashop.Export.DXF.ArcMap\Command\GEOCOM.GNSDatashop.Export.DXF.ArcMap.Command.csproj", "{60C82756-10A2-427A-B15D-A8BC94D3BE83}"
	ProjectSection(ProjectDependencies) = postProject
		{8681684B-D7E4-46BD-A0F3-B325018002FE} = {8681684B-D7E4-46BD-A0F3-B325018002FE}
		{6587CD69-241A-4A14-B50E-AF31AC4D4B6A} = {6587CD69-241A-4A14-B50E-AF31AC4D4B6A}
		{2CC7567A-CFFB-4A0C-9DDE-E1DBB8ABC7F6} = {2CC7567A-CFFB-4A0C-9DDE-E1DBB8ABC7F6}
	EndProjectSection
EndProject
Project("{930C7802-8A8C-48F9-8165-68863BCCD9DD}") = "SetUp", "GEOCOM.GNSDatashop.Export.DXF.ArcMap\SetUp\SetUp.wixproj", "{2B93285D-C7DD-4FD6-8334-F68343B411CB}"
EndProject
Project("{FAE04EC0-301F-11D3-BF4B-00C04F79EFBC}") = "GEOCOM.GNSDataShop.Export.DXF.TextRendererAggregate", "GEOCOM.GNSDataShop.Export.DXF.TextRendererAggregate\GEOCOM.GNSDataShop.Export.DXF.TextRendererAggregate.csproj", "{2CC7567A-CFFB-4A0C-9DDE-E1DBB8ABC7F6}"
EndProject
Project("{FAE04EC0-301F-11D3-BF4B-00C04F79EFBC}") = "GEOCOM.GNSDatashop.Export.DXF.BatchRunner", "GEOCOM.GNSDatashop.Export.DXF.BatchRunner\GEOCOM.GNSDatashop.Export.DXF.BatchRunner.csproj", "{E08216A1-9EA2-4C81-A6C3-A1C449DCBCC6}"
EndProject
Global
	GlobalSection(SolutionConfigurationPlatforms) = preSolution
		Debug|Any CPU = Debug|Any CPU
		Debug|x64 = Debug|x64
		Debug|x86 = Debug|x86
		Release|Any CPU = Release|Any CPU
		Release|x64 = Release|x64
		Release|x86 = Release|x86
	EndGlobalSection
	GlobalSection(ProjectConfigurationPlatforms) = postSolution
		{FBFFB17A-D935-4B27-B5F4-73F8FB8E41E2}.Debug|Any CPU.ActiveCfg = Debug|Any CPU
		{FBFFB17A-D935-4B27-B5F4-73F8FB8E41E2}.Debug|Any CPU.Build.0 = Debug|Any CPU
		{FBFFB17A-D935-4B27-B5F4-73F8FB8E41E2}.Debug|x64.ActiveCfg = Debug|x64
		{FBFFB17A-D935-4B27-B5F4-73F8FB8E41E2}.Debug|x64.Build.0 = Debug|x64
		{FBFFB17A-D935-4B27-B5F4-73F8FB8E41E2}.Debug|x86.ActiveCfg = Debug|x86
		{FBFFB17A-D935-4B27-B5F4-73F8FB8E41E2}.Debug|x86.Build.0 = Debug|x86
		{FBFFB17A-D935-4B27-B5F4-73F8FB8E41E2}.Release|Any CPU.ActiveCfg = Release|Any CPU
		{FBFFB17A-D935-4B27-B5F4-73F8FB8E41E2}.Release|Any CPU.Build.0 = Release|Any CPU
		{FBFFB17A-D935-4B27-B5F4-73F8FB8E41E2}.Release|x64.ActiveCfg = Release|x64
		{FBFFB17A-D935-4B27-B5F4-73F8FB8E41E2}.Release|x64.Build.0 = Release|x64
		{FBFFB17A-D935-4B27-B5F4-73F8FB8E41E2}.Release|x86.ActiveCfg = Release|x86
		{FBFFB17A-D935-4B27-B5F4-73F8FB8E41E2}.Release|x86.Build.0 = Release|x86
		{D2EECA43-FC8E-458A-AA41-9D32AC219187}.Debug|Any CPU.ActiveCfg = Debug|Any CPU
		{D2EECA43-FC8E-458A-AA41-9D32AC219187}.Debug|Any CPU.Build.0 = Debug|Any CPU
		{D2EECA43-FC8E-458A-AA41-9D32AC219187}.Debug|x64.ActiveCfg = Debug|x64
		{D2EECA43-FC8E-458A-AA41-9D32AC219187}.Debug|x64.Build.0 = Debug|x64
		{D2EECA43-FC8E-458A-AA41-9D32AC219187}.Debug|x86.ActiveCfg = Debug|x86
		{D2EECA43-FC8E-458A-AA41-9D32AC219187}.Debug|x86.Build.0 = Debug|x86
		{D2EECA43-FC8E-458A-AA41-9D32AC219187}.Release|Any CPU.ActiveCfg = Release|Any CPU
		{D2EECA43-FC8E-458A-AA41-9D32AC219187}.Release|Any CPU.Build.0 = Release|Any CPU
		{D2EECA43-FC8E-458A-AA41-9D32AC219187}.Release|x64.ActiveCfg = Release|x64
		{D2EECA43-FC8E-458A-AA41-9D32AC219187}.Release|x64.Build.0 = Release|x64
		{D2EECA43-FC8E-458A-AA41-9D32AC219187}.Release|x86.ActiveCfg = Release|x86
		{D2EECA43-FC8E-458A-AA41-9D32AC219187}.Release|x86.Build.0 = Release|x86
		{6587CD69-241A-4A14-B50E-AF31AC4D4B6A}.Debug|Any CPU.ActiveCfg = Release|Win32
		{6587CD69-241A-4A14-B50E-AF31AC4D4B6A}.Debug|Any CPU.Build.0 = Release|Win32
		{6587CD69-241A-4A14-B50E-AF31AC4D4B6A}.Debug|x64.ActiveCfg = Debug|x64
		{6587CD69-241A-4A14-B50E-AF31AC4D4B6A}.Debug|x64.Build.0 = Debug|x64
		{6587CD69-241A-4A14-B50E-AF31AC4D4B6A}.Debug|x86.ActiveCfg = Debug|Win32
		{6587CD69-241A-4A14-B50E-AF31AC4D4B6A}.Debug|x86.Build.0 = Debug|Win32
		{6587CD69-241A-4A14-B50E-AF31AC4D4B6A}.Release|Any CPU.ActiveCfg = Release|Win32
		{6587CD69-241A-4A14-B50E-AF31AC4D4B6A}.Release|Any CPU.Build.0 = Release|Win32
		{6587CD69-241A-4A14-B50E-AF31AC4D4B6A}.Release|x64.ActiveCfg = Release|x64
		{6587CD69-241A-4A14-B50E-AF31AC4D4B6A}.Release|x64.Build.0 = Release|x64
		{6587CD69-241A-4A14-B50E-AF31AC4D4B6A}.Release|x86.ActiveCfg = Release|Win32
		{6587CD69-241A-4A14-B50E-AF31AC4D4B6A}.Release|x86.Build.0 = Release|Win32
		{8681684B-D7E4-46BD-A0F3-B325018002FE}.Debug|Any CPU.ActiveCfg = Debug|Any CPU
		{8681684B-D7E4-46BD-A0F3-B325018002FE}.Debug|Any CPU.Build.0 = Debug|Any CPU
		{8681684B-D7E4-46BD-A0F3-B325018002FE}.Debug|x64.ActiveCfg = Debug|x64
		{8681684B-D7E4-46BD-A0F3-B325018002FE}.Debug|x64.Build.0 = Debug|x64
		{8681684B-D7E4-46BD-A0F3-B325018002FE}.Debug|x86.ActiveCfg = Debug|x86
		{8681684B-D7E4-46BD-A0F3-B325018002FE}.Debug|x86.Build.0 = Debug|x86
		{8681684B-D7E4-46BD-A0F3-B325018002FE}.Release|Any CPU.ActiveCfg = Release|Any CPU
		{8681684B-D7E4-46BD-A0F3-B325018002FE}.Release|Any CPU.Build.0 = Release|Any CPU
		{8681684B-D7E4-46BD-A0F3-B325018002FE}.Release|x64.ActiveCfg = Release|x64
		{8681684B-D7E4-46BD-A0F3-B325018002FE}.Release|x64.Build.0 = Release|x64
		{8681684B-D7E4-46BD-A0F3-B325018002FE}.Release|x86.ActiveCfg = Release|x86
		{8681684B-D7E4-46BD-A0F3-B325018002FE}.Release|x86.Build.0 = Release|x86
		{60C82756-10A2-427A-B15D-A8BC94D3BE83}.Debug|Any CPU.ActiveCfg = Debug|Any CPU
		{60C82756-10A2-427A-B15D-A8BC94D3BE83}.Debug|Any CPU.Build.0 = Debug|Any CPU
		{60C82756-10A2-427A-B15D-A8BC94D3BE83}.Debug|x64.ActiveCfg = Debug|x64
		{60C82756-10A2-427A-B15D-A8BC94D3BE83}.Debug|x64.Build.0 = Debug|x64
		{60C82756-10A2-427A-B15D-A8BC94D3BE83}.Debug|x86.ActiveCfg = Debug|x86
		{60C82756-10A2-427A-B15D-A8BC94D3BE83}.Debug|x86.Build.0 = Debug|x86
		{60C82756-10A2-427A-B15D-A8BC94D3BE83}.Release|Any CPU.ActiveCfg = Release|Any CPU
		{60C82756-10A2-427A-B15D-A8BC94D3BE83}.Release|Any CPU.Build.0 = Release|Any CPU
		{60C82756-10A2-427A-B15D-A8BC94D3BE83}.Release|x64.ActiveCfg = Release|x64
		{60C82756-10A2-427A-B15D-A8BC94D3BE83}.Release|x64.Build.0 = Release|x64
		{60C82756-10A2-427A-B15D-A8BC94D3BE83}.Release|x86.ActiveCfg = Release|x86
		{60C82756-10A2-427A-B15D-A8BC94D3BE83}.Release|x86.Build.0 = Release|x86
		{2B93285D-C7DD-4FD6-8334-F68343B411CB}.Debug|Any CPU.ActiveCfg = Debug|x86
		{2B93285D-C7DD-4FD6-8334-F68343B411CB}.Debug|x64.ActiveCfg = Debug|x86
		{2B93285D-C7DD-4FD6-8334-F68343B411CB}.Debug|x86.ActiveCfg = Debug|x86
		{2B93285D-C7DD-4FD6-8334-F68343B411CB}.Release|Any CPU.ActiveCfg = Release|x86
		{2B93285D-C7DD-4FD6-8334-F68343B411CB}.Release|Any CPU.Build.0 = Release|x86
		{2B93285D-C7DD-4FD6-8334-F68343B411CB}.Release|x64.ActiveCfg = Release|x86
		{2B93285D-C7DD-4FD6-8334-F68343B411CB}.Release|x86.ActiveCfg = Release|x86
		{2B93285D-C7DD-4FD6-8334-F68343B411CB}.Release|x86.Build.0 = Release|x86
		{2CC7567A-CFFB-4A0C-9DDE-E1DBB8ABC7F6}.Debug|Any CPU.ActiveCfg = Debug|Any CPU
		{2CC7567A-CFFB-4A0C-9DDE-E1DBB8ABC7F6}.Debug|Any CPU.Build.0 = Debug|Any CPU
		{2CC7567A-CFFB-4A0C-9DDE-E1DBB8ABC7F6}.Debug|x64.ActiveCfg = Debug|x64
		{2CC7567A-CFFB-4A0C-9DDE-E1DBB8ABC7F6}.Debug|x64.Build.0 = Debug|x64
		{2CC7567A-CFFB-4A0C-9DDE-E1DBB8ABC7F6}.Debug|x86.ActiveCfg = Debug|x86
		{2CC7567A-CFFB-4A0C-9DDE-E1DBB8ABC7F6}.Debug|x86.Build.0 = Debug|x86
		{2CC7567A-CFFB-4A0C-9DDE-E1DBB8ABC7F6}.Release|Any CPU.ActiveCfg = Release|Any CPU
		{2CC7567A-CFFB-4A0C-9DDE-E1DBB8ABC7F6}.Release|Any CPU.Build.0 = Release|Any CPU
		{2CC7567A-CFFB-4A0C-9DDE-E1DBB8ABC7F6}.Release|x64.ActiveCfg = Release|x64
		{2CC7567A-CFFB-4A0C-9DDE-E1DBB8ABC7F6}.Release|x64.Build.0 = Release|x64
		{2CC7567A-CFFB-4A0C-9DDE-E1DBB8ABC7F6}.Release|x86.ActiveCfg = Release|x86
		{2CC7567A-CFFB-4A0C-9DDE-E1DBB8ABC7F6}.Release|x86.Build.0 = Release|x86
		{E08216A1-9EA2-4C81-A6C3-A1C449DCBCC6}.Debug|Any CPU.ActiveCfg = Debug|x86
		{E08216A1-9EA2-4C81-A6C3-A1C449DCBCC6}.Debug|Any CPU.Build.0 = Debug|x86
		{E08216A1-9EA2-4C81-A6C3-A1C449DCBCC6}.Debug|x64.ActiveCfg = Debug|x64
		{E08216A1-9EA2-4C81-A6C3-A1C449DCBCC6}.Debug|x86.ActiveCfg = Debug|x86
		{E08216A1-9EA2-4C81-A6C3-A1C449DCBCC6}.Debug|x86.Build.0 = Debug|x86
		{E08216A1-9EA2-4C81-A6C3-A1C449DCBCC6}.Release|Any CPU.ActiveCfg = Release|x86
		{E08216A1-9EA2-4C81-A6C3-A1C449DCBCC6}.Release|Any CPU.Build.0 = Release|x86
		{E08216A1-9EA2-4C81-A6C3-A1C449DCBCC6}.Release|x64.ActiveCfg = Release|x64
		{E08216A1-9EA2-4C81-A6C3-A1C449DCBCC6}.Release|x64.Build.0 = Release|x64
		{E08216A1-9EA2-4C81-A6C3-A1C449DCBCC6}.Release|x86.ActiveCfg = Release|x86
		{E08216A1-9EA2-4C81-A6C3-A1C449DCBCC6}.Release|x86.Build.0 = Release|x86
	EndGlobalSection
	GlobalSection(SolutionProperties) = preSolution
		HideSolutionNode = FALSE
	EndGlobalSection
	GlobalSection(ExtensibilityGlobals) = postSolution
		SolutionGuid = {2FF4DCF4-8C0F-498F-BA78-714350053626}
	EndGlobalSection
EndGlobal
