
Microsoft Visual Studio Solution File, Format Version 12.00
# Visual Studio Version 16
VisualStudioVersion = 16.0.29806.167
MinimumVisualStudioVersion = 10.0.40219.1
Project("{FAE04EC0-301F-11D3-BF4B-00C04F79EFBC}") = "GEOCOM.GNSD.JobEngine", "GEOCOM.GNSD.JobEngine\GEOCOM.GNSD.JobEngine.csproj", "{7B05AB1D-BFCE-43E2-B547-7801769B84BB}"
EndProject
Project("{FAE04EC0-301F-11D3-BF4B-00C04F79EFBC}") = "GEOCOM.GNSD.JobEngineController", "GEOCOM.GNSD.JobEngineController\GEOCOM.GNSD.JobEngineController.csproj", "{E31BFC52-197A-46A1-AC3A-5364A0D8BEFC}"
EndProject
Project("{FAE04EC0-301F-11D3-BF4B-00C04F79EFBC}") = "GNSDatashopAdmin", "GNSDatashopAdmin\GNSDatashopAdmin.csproj", "{62190274-0637-47E0-9921-6B859BE9B7F9}"
EndProject
Project("{FAE04EC0-301F-11D3-BF4B-00C04F79EFBC}") = "GNSDatashopCommon", "GNSDatashopCommon\GNSDatashopCommon.csproj", "{D5F89E03-1A5E-43DB-B991-E0D2ED2BEC90}"
EndProject
Project("{FAE04EC0-301F-11D3-BF4B-00C04F79EFBC}") = "GNSDatashopDBStore", "GNSDatashopDBStore\GNSDatashopDBStore.csproj", "{544165AE-C732-44DB-AA98-FECA97DE5240}"
EndProject
Project("{FAE04EC0-301F-11D3-BF4B-00C04F79EFBC}") = "GNSDatashopWeb", "GNSDatashopWeb\GNSDatashopWeb.csproj", "{E7380E95-DEE4-47E0-B0C2-374F5A82E3C8}"
EndProject
Project("{FAE04EC0-301F-11D3-BF4B-00C04F79EFBC}") = "GNSPlotExtension", "GNSDPlotExtension\GNSPlotExtension.csproj", "{7FC924E5-6977-4703-8331-D3D0028654E4}"
EndProject
Project("{54435603-DBB4-11D2-8724-00A0C9A8B90C}") = "SetupGNSDServer", "SetupGNSDServer\SetupGNSDServer.vdproj", "{73C5E4D4-CFA2-470E-B921-1FB0DD64A24E}"
EndProject
Project("{54435603-DBB4-11D2-8724-00A0C9A8B90C}") = "SetupGNSDWeb", "SetupGNSDWeb\SetupGNSDWeb.vdproj", "{18EFA18E-BDE2-4B28-8771-58654CC2217A}"
EndProject
Project("{54435603-DBB4-11D2-8724-00A0C9A8B90C}") = "SetupGNSDAdmin", "SetupGNSDAdmin\SetupGNSDAdmin.vdproj", "{A817DEE9-3D5C-4CD0-818D-E520BD75EE63}"
EndProject
Project("{FAE04EC0-301F-11D3-BF4B-00C04F79EFBC}") = "DatashopWorkflow", "GEOCOM.GNSD.DatashopWorkflow\DatashopWorkflow.csproj", "{5B81CE6F-6CDB-410F-B743-321809F43709}"
EndProject
Project("{FAE04EC0-301F-11D3-BF4B-00C04F79EFBC}") = "Workflow", "GEOCOM.GNSD.Workflow\Workflow.csproj", "{6E3D0426-33F2-4ABB-8E39-BDF177C53E77}"
EndProject
Project("{2150E333-8FDC-42A3-9474-1A3956D46DE8}") = "Data", "Data", "{04FCD660-7F5A-4788-8A05-D1D982D00975}"
EndProject
Project("{2150E333-8FDC-42A3-9474-1A3956D46DE8}") = "Other", "Other", "{4103A960-82E7-4DA9-BD48-75C467AB99DA}"
EndProject
Project("{2150E333-8FDC-42A3-9474-1A3956D46DE8}") = "Web", "Web", "{D4FBB503-46AF-4ACA-8705-53C85D930FE0}"
EndProject
Project("{2150E333-8FDC-42A3-9474-1A3956D46DE8}") = "Windows Service", "Windows Service", "{3944B10A-6F67-48FD-8250-9FA08794D2B2}"
EndProject
Project("{2150E333-8FDC-42A3-9474-1A3956D46DE8}") = "Workflow", "Workflow", "{051C759D-29AF-44EC-AE39-60F610AC2294}"
EndProject
Project("{2150E333-8FDC-42A3-9474-1A3956D46DE8}") = "Setups", "Setups", "{93498347-4A7A-4209-988A-B00366823109}"
EndProject
Project("{FAE04EC0-301F-11D3-BF4B-00C04F79EFBC}") = "GEOCOM.GNSD.Web.Core", "GEOCOM.GNSD.Web.Core\GEOCOM.GNSD.Web.Core.csproj", "{593F1357-852A-4E3C-A7A2-C9A042A9F409}"
EndProject
Project("{FAE04EC0-301F-11D3-BF4B-00C04F79EFBC}") = "GEOCOM.GNSDatashop.Model", "GEOCOM.GNSDatashop.Model\GEOCOM.GNSDatashop.Model.csproj", "{34DE03A9-FF00-4CE6-93BB-7A63806AACAF}"
EndProject
Project("{2150E333-8FDC-42A3-9474-1A3956D46DE8}") = "WCF Service", "WCF Service", "{814F91EA-818A-4A0B-B76D-C9DFD0A18FAF}"
EndProject
Project("{FAE04EC0-301F-11D3-BF4B-00C04F79EFBC}") = "GEOCOM.GNSDatashop.HostService", "GEOCOM.GNSDatashop.HostService\GEOCOM.GNSDatashop.HostService.csproj", "{398FB223-B0A0-442A-8CA9-2B8AFF8ECF70}"
EndProject
Project("{FAE04EC0-301F-11D3-BF4B-00C04F79EFBC}") = "GEOCOM.GNSDatashop.ServiceClient", "GEOCOM.GNSDatashop.ServiceClient\GEOCOM.GNSDatashop.ServiceClient.csproj", "{57B242E3-7D1C-47F9-994A-3D1C8D34C262}"
EndProject
Project("{FAE04EC0-301F-11D3-BF4B-00C04F79EFBC}") = "GEOCOM.GNSDatashop.ServiceContracts", "GEOCOM.GNSDatashop.ServiceContracts\GEOCOM.GNSDatashop.ServiceContracts.csproj", "{E82695BC-34A4-40C9-B394-3FE17583C396}"
EndProject
Project("{FAE04EC0-301F-11D3-BF4B-00C04F79EFBC}") = "GEOCOM.GNSDatashop.Services", "GEOCOM.GNSDatashop.Services\GEOCOM.GNSDatashop.Services.csproj", "{3FBE5D95-FDC6-4E44-AF6F-968F41A8B4B2}"
EndProject
Project("{FAE04EC0-301F-11D3-BF4B-00C04F79EFBC}") = "GEOCOM.GNSDatashop.IISHostService", "GEOCOM.GNSDatashop.IISHostService\GEOCOM.GNSDatashop.IISHostService.csproj", "{27B59815-5147-4756-8E70-9637637409B4}"
EndProject
Project("{54435603-DBB4-11D2-8724-00A0C9A8B90C}") = "SetupGNSDWCFService", "SetupGNSDWCFService\SetupGNSDWCFService.vdproj", "{10B6DE49-DEA1-4536-B3F7-72CA69AD2B8E}"
EndProject
Project("{FAE04EC0-301F-11D3-BF4B-00C04F79EFBC}") = "GEOCOM.GNSD.JobEngineController.ServiceInstaller", "GEOCOM.GNSD.JobEngineController.ServiceInstaller\GEOCOM.GNSD.JobEngineController.ServiceInstaller.csproj", "{29310D85-1CCD-4FD9-83A9-91087AB99D29}"
EndProject
Project("{2150E333-8FDC-42A3-9474-1A3956D46DE8}") = "FormatSpecific", "FormatSpecific", "{2D8F4CA2-25FA-42F7-8AC1-0873C75637BD}"
EndProject
Project("{FAE04EC0-301F-11D3-BF4B-00C04F79EFBC}") = "GEOCOM.GNSDatashop.Export.DXF", "GEOCOM.GNSDatashop.Export.DXF\GEOCOM.GNSDatashop.Export.DXF.csproj", "{FBFFB17A-D935-4B27-B5F4-73F8FB8E41E2}"
EndProject
Project("{FAE04EC0-301F-11D3-BF4B-00C04F79EFBC}") = "GEOCOM.GNSDatashop.Export.DXF.Common", "GEOCOM.GNSDatashop.Export.DXF.Common\GEOCOM.GNSDatashop.Export.DXF.Common.csproj", "{D2EECA43-FC8E-458A-AA41-9D32AC219187}"
EndProject
Project("{FAE04EC0-301F-11D3-BF4B-00C04F79EFBC}") = "GEOCOM.GNSDatashop.Export.DXF.MapSymbology", "GEOCOM.GNSDatashop.Export.DXF.Symbology\GEOCOM.GNSDatashop.Export.DXF.MapSymbology.csproj", "{8681684B-D7E4-46BD-A0F3-B325018002FE}"
EndProject
Project("{FAE04EC0-301F-11D3-BF4B-00C04F79EFBC}") = "GEOCOM.GNSDataShop.Export.Dxf.TextRendererAggregate", "GEOCOM.GNSDataShop.Export.Dxf.TextRendererAggregate\GEOCOM.GNSDataShop.Export.Dxf.TextRendererAggregate.csproj", "{2CC7567A-CFFB-4A0C-9DDE-E1DBB8ABC7F6}"
EndProject
Project("{8BC9CEB8-8B4A-11D0-8D11-00A0C91BC942}") = "TTFExtractor", "TTFExtractor\TTFExtractor.vcxproj", "{6587CD69-241A-4A14-B50E-AF31AC4D4B6A}"
EndProject
Global
	GlobalSection(SolutionConfigurationPlatforms) = preSolution
		Debug|Any CPU = Debug|Any CPU
		Debug|x64 = Debug|x64
		Debug|x86 = Debug|x86
		Release|Any CPU = Release|Any CPU
		Release|x64 = Release|x64
		Release|x86 = Release|x86
	EndGlobalSection
	GlobalSection(ProjectConfigurationPlatforms) = postSolution
		{7B05AB1D-BFCE-43E2-B547-7801769B84BB}.Debug|Any CPU.ActiveCfg = Debug|Any CPU
		{7B05AB1D-BFCE-43E2-B547-7801769B84BB}.Debug|Any CPU.Build.0 = Debug|Any CPU
		{7B05AB1D-BFCE-43E2-B547-7801769B84BB}.Debug|x64.ActiveCfg = Debug|Any CPU
		{7B05AB1D-BFCE-43E2-B547-7801769B84BB}.Debug|x64.Build.0 = Debug|Any CPU
		{7B05AB1D-BFCE-43E2-B547-7801769B84BB}.Debug|x86.ActiveCfg = Debug|Any CPU
		{7B05AB1D-BFCE-43E2-B547-7801769B84BB}.Release|Any CPU.ActiveCfg = Release|Any CPU
		{7B05AB1D-BFCE-43E2-B547-7801769B84BB}.Release|Any CPU.Build.0 = Release|Any CPU
		{7B05AB1D-BFCE-43E2-B547-7801769B84BB}.Release|x64.ActiveCfg = Release|Any CPU
		{7B05AB1D-BFCE-43E2-B547-7801769B84BB}.Release|x64.Build.0 = Release|Any CPU
		{7B05AB1D-BFCE-43E2-B547-7801769B84BB}.Release|x86.ActiveCfg = Release|Any CPU
		{E31BFC52-197A-46A1-AC3A-5364A0D8BEFC}.Debug|Any CPU.ActiveCfg = Debug|Any CPU
		{E31BFC52-197A-46A1-AC3A-5364A0D8BEFC}.Debug|Any CPU.Build.0 = Debug|Any CPU
		{E31BFC52-197A-46A1-AC3A-5364A0D8BEFC}.Debug|x64.ActiveCfg = Debug|Any CPU
		{E31BFC52-197A-46A1-AC3A-5364A0D8BEFC}.Debug|x64.Build.0 = Debug|Any CPU
		{E31BFC52-197A-46A1-AC3A-5364A0D8BEFC}.Debug|x86.ActiveCfg = Debug|Any CPU
		{E31BFC52-197A-46A1-AC3A-5364A0D8BEFC}.Release|Any CPU.ActiveCfg = Release|Any CPU
		{E31BFC52-197A-46A1-AC3A-5364A0D8BEFC}.Release|Any CPU.Build.0 = Release|Any CPU
		{E31BFC52-197A-46A1-AC3A-5364A0D8BEFC}.Release|x64.ActiveCfg = Release|Any CPU
		{E31BFC52-197A-46A1-AC3A-5364A0D8BEFC}.Release|x64.Build.0 = Release|Any CPU
		{E31BFC52-197A-46A1-AC3A-5364A0D8BEFC}.Release|x86.ActiveCfg = Release|Any CPU
		{62190274-0637-47E0-9921-6B859BE9B7F9}.Debug|Any CPU.ActiveCfg = Debug|Any CPU
		{62190274-0637-47E0-9921-6B859BE9B7F9}.Debug|Any CPU.Build.0 = Debug|Any CPU
		{62190274-0637-47E0-9921-6B859BE9B7F9}.Debug|x64.ActiveCfg = Debug|Any CPU
		{62190274-0637-47E0-9921-6B859BE9B7F9}.Debug|x64.Build.0 = Debug|Any CPU
		{62190274-0637-47E0-9921-6B859BE9B7F9}.Debug|x86.ActiveCfg = Debug|Any CPU
		{62190274-0637-47E0-9921-6B859BE9B7F9}.Release|Any CPU.ActiveCfg = Release|Any CPU
		{62190274-0637-47E0-9921-6B859BE9B7F9}.Release|Any CPU.Build.0 = Release|Any CPU
		{62190274-0637-47E0-9921-6B859BE9B7F9}.Release|x64.ActiveCfg = Release|Any CPU
		{62190274-0637-47E0-9921-6B859BE9B7F9}.Release|x64.Build.0 = Release|Any CPU
		{62190274-0637-47E0-9921-6B859BE9B7F9}.Release|x86.ActiveCfg = Release|Any CPU
		{D5F89E03-1A5E-43DB-B991-E0D2ED2BEC90}.Debug|Any CPU.ActiveCfg = Debug|Any CPU
		{D5F89E03-1A5E-43DB-B991-E0D2ED2BEC90}.Debug|Any CPU.Build.0 = Debug|Any CPU
		{D5F89E03-1A5E-43DB-B991-E0D2ED2BEC90}.Debug|x64.ActiveCfg = Debug|Any CPU
		{D5F89E03-1A5E-43DB-B991-E0D2ED2BEC90}.Debug|x64.Build.0 = Debug|Any CPU
		{D5F89E03-1A5E-43DB-B991-E0D2ED2BEC90}.Debug|x86.ActiveCfg = Debug|Any CPU
		{D5F89E03-1A5E-43DB-B991-E0D2ED2BEC90}.Release|Any CPU.ActiveCfg = Release|Any CPU
		{D5F89E03-1A5E-43DB-B991-E0D2ED2BEC90}.Release|Any CPU.Build.0 = Release|Any CPU
		{D5F89E03-1A5E-43DB-B991-E0D2ED2BEC90}.Release|x64.ActiveCfg = Release|Any CPU
		{D5F89E03-1A5E-43DB-B991-E0D2ED2BEC90}.Release|x64.Build.0 = Release|Any CPU
		{D5F89E03-1A5E-43DB-B991-E0D2ED2BEC90}.Release|x86.ActiveCfg = Release|Any CPU
		{544165AE-C732-44DB-AA98-FECA97DE5240}.Debug|Any CPU.ActiveCfg = Debug|Any CPU
		{544165AE-C732-44DB-AA98-FECA97DE5240}.Debug|Any CPU.Build.0 = Debug|Any CPU
		{544165AE-C732-44DB-AA98-FECA97DE5240}.Debug|x64.ActiveCfg = Debug|Any CPU
		{544165AE-C732-44DB-AA98-FECA97DE5240}.Debug|x64.Build.0 = Debug|Any CPU
		{544165AE-C732-44DB-AA98-FECA97DE5240}.Debug|x86.ActiveCfg = Debug|Any CPU
		{544165AE-C732-44DB-AA98-FECA97DE5240}.Release|Any CPU.ActiveCfg = Release|Any CPU
		{544165AE-C732-44DB-AA98-FECA97DE5240}.Release|Any CPU.Build.0 = Release|Any CPU
		{544165AE-C732-44DB-AA98-FECA97DE5240}.Release|x64.ActiveCfg = Release|Any CPU
		{544165AE-C732-44DB-AA98-FECA97DE5240}.Release|x64.Build.0 = Release|Any CPU
		{544165AE-C732-44DB-AA98-FECA97DE5240}.Release|x86.ActiveCfg = Release|Any CPU
		{E7380E95-DEE4-47E0-B0C2-374F5A82E3C8}.Debug|Any CPU.ActiveCfg = Debug|Any CPU
		{E7380E95-DEE4-47E0-B0C2-374F5A82E3C8}.Debug|Any CPU.Build.0 = Debug|Any CPU
		{E7380E95-DEE4-47E0-B0C2-374F5A82E3C8}.Debug|x64.ActiveCfg = Debug|Any CPU
		{E7380E95-DEE4-47E0-B0C2-374F5A82E3C8}.Debug|x64.Build.0 = Debug|Any CPU
		{E7380E95-DEE4-47E0-B0C2-374F5A82E3C8}.Debug|x86.ActiveCfg = Debug|Any CPU
		{E7380E95-DEE4-47E0-B0C2-374F5A82E3C8}.Release|Any CPU.ActiveCfg = Release|Any CPU
		{E7380E95-DEE4-47E0-B0C2-374F5A82E3C8}.Release|Any CPU.Build.0 = Release|Any CPU
		{E7380E95-DEE4-47E0-B0C2-374F5A82E3C8}.Release|x64.ActiveCfg = Release|Any CPU
		{E7380E95-DEE4-47E0-B0C2-374F5A82E3C8}.Release|x64.Build.0 = Release|Any CPU
		{E7380E95-DEE4-47E0-B0C2-374F5A82E3C8}.Release|x86.ActiveCfg = Release|Any CPU
		{7FC924E5-6977-4703-8331-D3D0028654E4}.Debug|Any CPU.ActiveCfg = Debug|Any CPU
		{7FC924E5-6977-4703-8331-D3D0028654E4}.Debug|Any CPU.Build.0 = Debug|Any CPU
		{7FC924E5-6977-4703-8331-D3D0028654E4}.Debug|x64.ActiveCfg = Debug|Any CPU
		{7FC924E5-6977-4703-8331-D3D0028654E4}.Debug|x64.Build.0 = Debug|Any CPU
		{7FC924E5-6977-4703-8331-D3D0028654E4}.Debug|x86.ActiveCfg = Debug|Any CPU
		{7FC924E5-6977-4703-8331-D3D0028654E4}.Release|Any CPU.ActiveCfg = Release|Any CPU
		{7FC924E5-6977-4703-8331-D3D0028654E4}.Release|Any CPU.Build.0 = Release|Any CPU
		{7FC924E5-6977-4703-8331-D3D0028654E4}.Release|x64.ActiveCfg = Release|Any CPU
		{7FC924E5-6977-4703-8331-D3D0028654E4}.Release|x64.Build.0 = Release|Any CPU
		{7FC924E5-6977-4703-8331-D3D0028654E4}.Release|x86.ActiveCfg = Release|Any CPU
		{73C5E4D4-CFA2-470E-B921-1FB0DD64A24E}.Debug|Any CPU.ActiveCfg = Debug
		{73C5E4D4-CFA2-470E-B921-1FB0DD64A24E}.Debug|Any CPU.Build.0 = Debug
		{73C5E4D4-CFA2-470E-B921-1FB0DD64A24E}.Debug|x64.ActiveCfg = Debug
		{73C5E4D4-CFA2-470E-B921-1FB0DD64A24E}.Debug|x64.Build.0 = Debug
		{73C5E4D4-CFA2-470E-B921-1FB0DD64A24E}.Debug|x86.ActiveCfg = Debug
		{73C5E4D4-CFA2-470E-B921-1FB0DD64A24E}.Release|Any CPU.ActiveCfg = Release
		{73C5E4D4-CFA2-470E-B921-1FB0DD64A24E}.Release|x64.ActiveCfg = Release
		{73C5E4D4-CFA2-470E-B921-1FB0DD64A24E}.Release|x64.Build.0 = Release
		{73C5E4D4-CFA2-470E-B921-1FB0DD64A24E}.Release|x86.ActiveCfg = Release
		{18EFA18E-BDE2-4B28-8771-58654CC2217A}.Debug|Any CPU.ActiveCfg = Debug
		{18EFA18E-BDE2-4B28-8771-58654CC2217A}.Debug|Any CPU.Build.0 = Debug
		{18EFA18E-BDE2-4B28-8771-58654CC2217A}.Debug|x64.ActiveCfg = Debug
		{18EFA18E-BDE2-4B28-8771-58654CC2217A}.Debug|x64.Build.0 = Debug
		{18EFA18E-BDE2-4B28-8771-58654CC2217A}.Debug|x86.ActiveCfg = Debug
		{18EFA18E-BDE2-4B28-8771-58654CC2217A}.Release|Any CPU.ActiveCfg = Release
		{18EFA18E-BDE2-4B28-8771-58654CC2217A}.Release|x64.ActiveCfg = Release
		{18EFA18E-BDE2-4B28-8771-58654CC2217A}.Release|x64.Build.0 = Release
		{18EFA18E-BDE2-4B28-8771-58654CC2217A}.Release|x86.ActiveCfg = Release
		{A817DEE9-3D5C-4CD0-818D-E520BD75EE63}.Debug|Any CPU.ActiveCfg = Debug
		{A817DEE9-3D5C-4CD0-818D-E520BD75EE63}.Debug|Any CPU.Build.0 = Debug
		{A817DEE9-3D5C-4CD0-818D-E520BD75EE63}.Debug|x64.ActiveCfg = Debug
		{A817DEE9-3D5C-4CD0-818D-E520BD75EE63}.Debug|x64.Build.0 = Debug
		{A817DEE9-3D5C-4CD0-818D-E520BD75EE63}.Debug|x86.ActiveCfg = Debug
		{A817DEE9-3D5C-4CD0-818D-E520BD75EE63}.Release|Any CPU.ActiveCfg = Release
		{A817DEE9-3D5C-4CD0-818D-E520BD75EE63}.Release|x64.ActiveCfg = Release
		{A817DEE9-3D5C-4CD0-818D-E520BD75EE63}.Release|x64.Build.0 = Release
		{A817DEE9-3D5C-4CD0-818D-E520BD75EE63}.Release|x86.ActiveCfg = Release
		{5B81CE6F-6CDB-410F-B743-321809F43709}.Debug|Any CPU.ActiveCfg = Debug|Any CPU
		{5B81CE6F-6CDB-410F-B743-321809F43709}.Debug|Any CPU.Build.0 = Debug|Any CPU
		{5B81CE6F-6CDB-410F-B743-321809F43709}.Debug|x64.ActiveCfg = Debug|Any CPU
		{5B81CE6F-6CDB-410F-B743-321809F43709}.Debug|x64.Build.0 = Debug|Any CPU
		{5B81CE6F-6CDB-410F-B743-321809F43709}.Debug|x86.ActiveCfg = Debug|Any CPU
		{5B81CE6F-6CDB-410F-B743-321809F43709}.Release|Any CPU.ActiveCfg = Release|Any CPU
		{5B81CE6F-6CDB-410F-B743-321809F43709}.Release|Any CPU.Build.0 = Release|Any CPU
		{5B81CE6F-6CDB-410F-B743-321809F43709}.Release|x64.ActiveCfg = Release|Any CPU
		{5B81CE6F-6CDB-410F-B743-321809F43709}.Release|x64.Build.0 = Release|Any CPU
		{5B81CE6F-6CDB-410F-B743-321809F43709}.Release|x86.ActiveCfg = Release|Any CPU
		{6E3D0426-33F2-4ABB-8E39-BDF177C53E77}.Debug|Any CPU.ActiveCfg = Debug|Any CPU
		{6E3D0426-33F2-4ABB-8E39-BDF177C53E77}.Debug|Any CPU.Build.0 = Debug|Any CPU
		{6E3D0426-33F2-4ABB-8E39-BDF177C53E77}.Debug|x64.ActiveCfg = Debug|Any CPU
		{6E3D0426-33F2-4ABB-8E39-BDF177C53E77}.Debug|x64.Build.0 = Debug|Any CPU
		{6E3D0426-33F2-4ABB-8E39-BDF177C53E77}.Debug|x86.ActiveCfg = Debug|Any CPU
		{6E3D0426-33F2-4ABB-8E39-BDF177C53E77}.Release|Any CPU.ActiveCfg = Release|Any CPU
		{6E3D0426-33F2-4ABB-8E39-BDF177C53E77}.Release|Any CPU.Build.0 = Release|Any CPU
		{6E3D0426-33F2-4ABB-8E39-BDF177C53E77}.Release|x64.ActiveCfg = Release|Any CPU
		{6E3D0426-33F2-4ABB-8E39-BDF177C53E77}.Release|x64.Build.0 = Release|Any CPU
		{6E3D0426-33F2-4ABB-8E39-BDF177C53E77}.Release|x86.ActiveCfg = Release|Any CPU
		{593F1357-852A-4E3C-A7A2-C9A042A9F409}.Debug|Any CPU.ActiveCfg = Debug|Any CPU
		{593F1357-852A-4E3C-A7A2-C9A042A9F409}.Debug|Any CPU.Build.0 = Debug|Any CPU
		{593F1357-852A-4E3C-A7A2-C9A042A9F409}.Debug|x64.ActiveCfg = Debug|Any CPU
		{593F1357-852A-4E3C-A7A2-C9A042A9F409}.Debug|x64.Build.0 = Debug|Any CPU
		{593F1357-852A-4E3C-A7A2-C9A042A9F409}.Debug|x86.ActiveCfg = Debug|Any CPU
		{593F1357-852A-4E3C-A7A2-C9A042A9F409}.Release|Any CPU.ActiveCfg = Release|Any CPU
		{593F1357-852A-4E3C-A7A2-C9A042A9F409}.Release|Any CPU.Build.0 = Release|Any CPU
		{593F1357-852A-4E3C-A7A2-C9A042A9F409}.Release|x64.ActiveCfg = Release|Any CPU
		{593F1357-852A-4E3C-A7A2-C9A042A9F409}.Release|x64.Build.0 = Release|Any CPU
		{593F1357-852A-4E3C-A7A2-C9A042A9F409}.Release|x86.ActiveCfg = Release|Any CPU
		{34DE03A9-FF00-4CE6-93BB-7A63806AACAF}.Debug|Any CPU.ActiveCfg = Debug|Any CPU
		{34DE03A9-FF00-4CE6-93BB-7A63806AACAF}.Debug|Any CPU.Build.0 = Debug|Any CPU
		{34DE03A9-FF00-4CE6-93BB-7A63806AACAF}.Debug|x64.ActiveCfg = Debug|Any CPU
		{34DE03A9-FF00-4CE6-93BB-7A63806AACAF}.Debug|x64.Build.0 = Debug|Any CPU
		{34DE03A9-FF00-4CE6-93BB-7A63806AACAF}.Debug|x86.ActiveCfg = Debug|Any CPU
		{34DE03A9-FF00-4CE6-93BB-7A63806AACAF}.Release|Any CPU.ActiveCfg = Release|Any CPU
		{34DE03A9-FF00-4CE6-93BB-7A63806AACAF}.Release|Any CPU.Build.0 = Release|Any CPU
		{34DE03A9-FF00-4CE6-93BB-7A63806AACAF}.Release|x64.ActiveCfg = Release|Any CPU
		{34DE03A9-FF00-4CE6-93BB-7A63806AACAF}.Release|x64.Build.0 = Release|Any CPU
		{34DE03A9-FF00-4CE6-93BB-7A63806AACAF}.Release|x86.ActiveCfg = Release|Any CPU
		{398FB223-B0A0-442A-8CA9-2B8AFF8ECF70}.Debug|Any CPU.ActiveCfg = Debug|Any CPU
		{398FB223-B0A0-442A-8CA9-2B8AFF8ECF70}.Debug|Any CPU.Build.0 = Debug|Any CPU
		{398FB223-B0A0-442A-8CA9-2B8AFF8ECF70}.Debug|x64.ActiveCfg = Debug|Any CPU
		{398FB223-B0A0-442A-8CA9-2B8AFF8ECF70}.Debug|x64.Build.0 = Debug|Any CPU
		{398FB223-B0A0-442A-8CA9-2B8AFF8ECF70}.Debug|x86.ActiveCfg = Debug|Any CPU
		{398FB223-B0A0-442A-8CA9-2B8AFF8ECF70}.Release|Any CPU.ActiveCfg = Release|Any CPU
		{398FB223-B0A0-442A-8CA9-2B8AFF8ECF70}.Release|Any CPU.Build.0 = Release|Any CPU
		{398FB223-B0A0-442A-8CA9-2B8AFF8ECF70}.Release|x64.ActiveCfg = Release|Any CPU
		{398FB223-B0A0-442A-8CA9-2B8AFF8ECF70}.Release|x64.Build.0 = Release|Any CPU
		{398FB223-B0A0-442A-8CA9-2B8AFF8ECF70}.Release|x86.ActiveCfg = Release|Any CPU
		{57B242E3-7D1C-47F9-994A-3D1C8D34C262}.Debug|Any CPU.ActiveCfg = Debug|Any CPU
		{57B242E3-7D1C-47F9-994A-3D1C8D34C262}.Debug|Any CPU.Build.0 = Debug|Any CPU
		{57B242E3-7D1C-47F9-994A-3D1C8D34C262}.Debug|x64.ActiveCfg = Debug|Any CPU
		{57B242E3-7D1C-47F9-994A-3D1C8D34C262}.Debug|x64.Build.0 = Debug|Any CPU
		{57B242E3-7D1C-47F9-994A-3D1C8D34C262}.Debug|x86.ActiveCfg = Debug|Any CPU
		{57B242E3-7D1C-47F9-994A-3D1C8D34C262}.Release|Any CPU.ActiveCfg = Release|Any CPU
		{57B242E3-7D1C-47F9-994A-3D1C8D34C262}.Release|Any CPU.Build.0 = Release|Any CPU
		{57B242E3-7D1C-47F9-994A-3D1C8D34C262}.Release|x64.ActiveCfg = Release|Any CPU
		{57B242E3-7D1C-47F9-994A-3D1C8D34C262}.Release|x64.Build.0 = Release|Any CPU
		{57B242E3-7D1C-47F9-994A-3D1C8D34C262}.Release|x86.ActiveCfg = Release|Any CPU
		{E82695BC-34A4-40C9-B394-3FE17583C396}.Debug|Any CPU.ActiveCfg = Debug|Any CPU
		{E82695BC-34A4-40C9-B394-3FE17583C396}.Debug|Any CPU.Build.0 = Debug|Any CPU
		{E82695BC-34A4-40C9-B394-3FE17583C396}.Debug|x64.ActiveCfg = Debug|Any CPU
		{E82695BC-34A4-40C9-B394-3FE17583C396}.Debug|x64.Build.0 = Debug|Any CPU
		{E82695BC-34A4-40C9-B394-3FE17583C396}.Debug|x86.ActiveCfg = Debug|Any CPU
		{E82695BC-34A4-40C9-B394-3FE17583C396}.Release|Any CPU.ActiveCfg = Release|Any CPU
		{E82695BC-34A4-40C9-B394-3FE17583C396}.Release|Any CPU.Build.0 = Release|Any CPU
		{E82695BC-34A4-40C9-B394-3FE17583C396}.Release|x64.ActiveCfg = Release|Any CPU
		{E82695BC-34A4-40C9-B394-3FE17583C396}.Release|x64.Build.0 = Release|Any CPU
		{E82695BC-34A4-40C9-B394-3FE17583C396}.Release|x86.ActiveCfg = Release|Any CPU
		{3FBE5D95-FDC6-4E44-AF6F-968F41A8B4B2}.Debug|Any CPU.ActiveCfg = Debug|Any CPU
		{3FBE5D95-FDC6-4E44-AF6F-968F41A8B4B2}.Debug|Any CPU.Build.0 = Debug|Any CPU
		{3FBE5D95-FDC6-4E44-AF6F-968F41A8B4B2}.Debug|x64.ActiveCfg = Debug|Any CPU
		{3FBE5D95-FDC6-4E44-AF6F-968F41A8B4B2}.Debug|x64.Build.0 = Debug|Any CPU
		{3FBE5D95-FDC6-4E44-AF6F-968F41A8B4B2}.Debug|x86.ActiveCfg = Debug|Any CPU
		{3FBE5D95-FDC6-4E44-AF6F-968F41A8B4B2}.Release|Any CPU.ActiveCfg = Release|Any CPU
		{3FBE5D95-FDC6-4E44-AF6F-968F41A8B4B2}.Release|Any CPU.Build.0 = Release|Any CPU
		{3FBE5D95-FDC6-4E44-AF6F-968F41A8B4B2}.Release|x64.ActiveCfg = Release|Any CPU
		{3FBE5D95-FDC6-4E44-AF6F-968F41A8B4B2}.Release|x64.Build.0 = Release|Any CPU
		{3FBE5D95-FDC6-4E44-AF6F-968F41A8B4B2}.Release|x86.ActiveCfg = Release|Any CPU
		{27B59815-5147-4756-8E70-9637637409B4}.Debug|Any CPU.ActiveCfg = Debug|Any CPU
		{27B59815-5147-4756-8E70-9637637409B4}.Debug|Any CPU.Build.0 = Debug|Any CPU
		{27B59815-5147-4756-8E70-9637637409B4}.Debug|x64.ActiveCfg = Debug|Any CPU
		{27B59815-5147-4756-8E70-9637637409B4}.Debug|x64.Build.0 = Debug|Any CPU
		{27B59815-5147-4756-8E70-9637637409B4}.Debug|x86.ActiveCfg = Debug|Any CPU
		{27B59815-5147-4756-8E70-9637637409B4}.Release|Any CPU.ActiveCfg = Release|Any CPU
		{27B59815-5147-4756-8E70-9637637409B4}.Release|Any CPU.Build.0 = Release|Any CPU
		{27B59815-5147-4756-8E70-9637637409B4}.Release|x64.ActiveCfg = Release|Any CPU
		{27B59815-5147-4756-8E70-9637637409B4}.Release|x64.Build.0 = Release|Any CPU
		{27B59815-5147-4756-8E70-9637637409B4}.Release|x86.ActiveCfg = Release|Any CPU
		{10B6DE49-DEA1-4536-B3F7-72CA69AD2B8E}.Debug|Any CPU.ActiveCfg = Debug
		{10B6DE49-DEA1-4536-B3F7-72CA69AD2B8E}.Debug|Any CPU.Build.0 = Debug
		{10B6DE49-DEA1-4536-B3F7-72CA69AD2B8E}.Debug|x64.ActiveCfg = Debug
		{10B6DE49-DEA1-4536-B3F7-72CA69AD2B8E}.Debug|x64.Build.0 = Debug
		{10B6DE49-DEA1-4536-B3F7-72CA69AD2B8E}.Debug|x86.ActiveCfg = Debug
		{10B6DE49-DEA1-4536-B3F7-72CA69AD2B8E}.Release|Any CPU.ActiveCfg = Release
		{10B6DE49-DEA1-4536-B3F7-72CA69AD2B8E}.Release|x64.ActiveCfg = Release
		{10B6DE49-DEA1-4536-B3F7-72CA69AD2B8E}.Release|x64.Build.0 = Release
		{10B6DE49-DEA1-4536-B3F7-72CA69AD2B8E}.Release|x86.ActiveCfg = Release
		{29310D85-1CCD-4FD9-83A9-91087AB99D29}.Debug|Any CPU.ActiveCfg = Debug|Any CPU
		{29310D85-1CCD-4FD9-83A9-91087AB99D29}.Debug|Any CPU.Build.0 = Debug|Any CPU
		{29310D85-1CCD-4FD9-83A9-91087AB99D29}.Debug|x64.ActiveCfg = Debug|Any CPU
		{29310D85-1CCD-4FD9-83A9-91087AB99D29}.Debug|x64.Build.0 = Debug|Any CPU
		{29310D85-1CCD-4FD9-83A9-91087AB99D29}.Debug|x86.ActiveCfg = Debug|Any CPU
		{29310D85-1CCD-4FD9-83A9-91087AB99D29}.Release|Any CPU.ActiveCfg = Release|Any CPU
		{29310D85-1CCD-4FD9-83A9-91087AB99D29}.Release|Any CPU.Build.0 = Release|Any CPU
		{29310D85-1CCD-4FD9-83A9-91087AB99D29}.Release|x64.ActiveCfg = Release|Any CPU
		{29310D85-1CCD-4FD9-83A9-91087AB99D29}.Release|x64.Build.0 = Release|Any CPU
		{29310D85-1CCD-4FD9-83A9-91087AB99D29}.Release|x86.ActiveCfg = Release|Any CPU
		{FBFFB17A-D935-4B27-B5F4-73F8FB8E41E2}.Debug|Any CPU.ActiveCfg = Debug|Any CPU
		{FBFFB17A-D935-4B27-B5F4-73F8FB8E41E2}.Debug|Any CPU.Build.0 = Debug|Any CPU
		{FBFFB17A-D935-4B27-B5F4-73F8FB8E41E2}.Debug|x64.ActiveCfg = Debug|Any CPU
		{FBFFB17A-D935-4B27-B5F4-73F8FB8E41E2}.Debug|x64.Build.0 = Debug|Any CPU
		{FBFFB17A-D935-4B27-B5F4-73F8FB8E41E2}.Debug|x86.ActiveCfg = Debug|Any CPU
		{FBFFB17A-D935-4B27-B5F4-73F8FB8E41E2}.Debug|x86.Build.0 = Debug|Any CPU
		{FBFFB17A-D935-4B27-B5F4-73F8FB8E41E2}.Release|Any CPU.ActiveCfg = Release|Any CPU
		{FBFFB17A-D935-4B27-B5F4-73F8FB8E41E2}.Release|Any CPU.Build.0 = Release|Any CPU
		{FBFFB17A-D935-4B27-B5F4-73F8FB8E41E2}.Release|x64.ActiveCfg = Release|Any CPU
		{FBFFB17A-D935-4B27-B5F4-73F8FB8E41E2}.Release|x64.Build.0 = Release|Any CPU
		{FBFFB17A-D935-4B27-B5F4-73F8FB8E41E2}.Release|x86.ActiveCfg = Release|Any CPU
		{FBFFB17A-D935-4B27-B5F4-73F8FB8E41E2}.Release|x86.Build.0 = Release|Any CPU
		{D2EECA43-FC8E-458A-AA41-9D32AC219187}.Debug|Any CPU.ActiveCfg = Debug|Any CPU
		{D2EECA43-FC8E-458A-AA41-9D32AC219187}.Debug|Any CPU.Build.0 = Debug|Any CPU
		{D2EECA43-FC8E-458A-AA41-9D32AC219187}.Debug|x64.ActiveCfg = Debug|Any CPU
		{D2EECA43-FC8E-458A-AA41-9D32AC219187}.Debug|x64.Build.0 = Debug|Any CPU
		{D2EECA43-FC8E-458A-AA41-9D32AC219187}.Debug|x86.ActiveCfg = Debug|Any CPU
		{D2EECA43-FC8E-458A-AA41-9D32AC219187}.Debug|x86.Build.0 = Debug|Any CPU
		{D2EECA43-FC8E-458A-AA41-9D32AC219187}.Release|Any CPU.ActiveCfg = Release|Any CPU
		{D2EECA43-FC8E-458A-AA41-9D32AC219187}.Release|Any CPU.Build.0 = Release|Any CPU
		{D2EECA43-FC8E-458A-AA41-9D32AC219187}.Release|x64.ActiveCfg = Release|Any CPU
		{D2EECA43-FC8E-458A-AA41-9D32AC219187}.Release|x64.Build.0 = Release|Any CPU
		{D2EECA43-FC8E-458A-AA41-9D32AC219187}.Release|x86.ActiveCfg = Release|Any CPU
		{D2EECA43-FC8E-458A-AA41-9D32AC219187}.Release|x86.Build.0 = Release|Any CPU
		{8681684B-D7E4-46BD-A0F3-B325018002FE}.Debug|Any CPU.ActiveCfg = Debug|Any CPU
		{8681684B-D7E4-46BD-A0F3-B325018002FE}.Debug|Any CPU.Build.0 = Debug|Any CPU
		{8681684B-D7E4-46BD-A0F3-B325018002FE}.Debug|x64.ActiveCfg = Debug|Any CPU
		{8681684B-D7E4-46BD-A0F3-B325018002FE}.Debug|x64.Build.0 = Debug|Any CPU
		{8681684B-D7E4-46BD-A0F3-B325018002FE}.Debug|x86.ActiveCfg = Debug|Any CPU
		{8681684B-D7E4-46BD-A0F3-B325018002FE}.Debug|x86.Build.0 = Debug|Any CPU
		{8681684B-D7E4-46BD-A0F3-B325018002FE}.Release|Any CPU.ActiveCfg = Release|Any CPU
		{8681684B-D7E4-46BD-A0F3-B325018002FE}.Release|Any CPU.Build.0 = Release|Any CPU
		{8681684B-D7E4-46BD-A0F3-B325018002FE}.Release|x64.ActiveCfg = Release|Any CPU
		{8681684B-D7E4-46BD-A0F3-B325018002FE}.Release|x64.Build.0 = Release|Any CPU
		{8681684B-D7E4-46BD-A0F3-B325018002FE}.Release|x86.ActiveCfg = Release|Any CPU
		{8681684B-D7E4-46BD-A0F3-B325018002FE}.Release|x86.Build.0 = Release|Any CPU
		{2CC7567A-CFFB-4A0C-9DDE-E1DBB8ABC7F6}.Debug|Any CPU.ActiveCfg = Debug|Any CPU
		{2CC7567A-CFFB-4A0C-9DDE-E1DBB8ABC7F6}.Debug|Any CPU.Build.0 = Debug|Any CPU
		{2CC7567A-CFFB-4A0C-9DDE-E1DBB8ABC7F6}.Debug|x64.ActiveCfg = Debug|Any CPU
		{2CC7567A-CFFB-4A0C-9DDE-E1DBB8ABC7F6}.Debug|x64.Build.0 = Debug|Any CPU
		{2CC7567A-CFFB-4A0C-9DDE-E1DBB8ABC7F6}.Debug|x86.ActiveCfg = Debug|Any CPU
		{2CC7567A-CFFB-4A0C-9DDE-E1DBB8ABC7F6}.Debug|x86.Build.0 = Debug|Any CPU
		{2CC7567A-CFFB-4A0C-9DDE-E1DBB8ABC7F6}.Release|Any CPU.ActiveCfg = Release|Any CPU
		{2CC7567A-CFFB-4A0C-9DDE-E1DBB8ABC7F6}.Release|Any CPU.Build.0 = Release|Any CPU
		{2CC7567A-CFFB-4A0C-9DDE-E1DBB8ABC7F6}.Release|x64.ActiveCfg = Release|Any CPU
		{2CC7567A-CFFB-4A0C-9DDE-E1DBB8ABC7F6}.Release|x64.Build.0 = Release|Any CPU
		{2CC7567A-CFFB-4A0C-9DDE-E1DBB8ABC7F6}.Release|x86.ActiveCfg = Release|Any CPU
		{2CC7567A-CFFB-4A0C-9DDE-E1DBB8ABC7F6}.Release|x86.Build.0 = Release|Any CPU
		{6587CD69-241A-4A14-B50E-AF31AC4D4B6A}.Debug|Any CPU.ActiveCfg = Debug|x64
		{6587CD69-241A-4A14-B50E-AF31AC4D4B6A}.Debug|Any CPU.Build.0 = Debug|x64
		{6587CD69-241A-4A14-B50E-AF31AC4D4B6A}.Debug|x64.ActiveCfg = Debug|x64
		{6587CD69-241A-4A14-B50E-AF31AC4D4B6A}.Debug|x64.Build.0 = Debug|x64
		{6587CD69-241A-4A14-B50E-AF31AC4D4B6A}.Debug|x86.ActiveCfg = Debug|Win32
		{6587CD69-241A-4A14-B50E-AF31AC4D4B6A}.Debug|x86.Build.0 = Debug|Win32
		{6587CD69-241A-4A14-B50E-AF31AC4D4B6A}.Release|Any CPU.ActiveCfg = Release|x64
		{6587CD69-241A-4A14-B50E-AF31AC4D4B6A}.Release|x64.ActiveCfg = Release|x64
		{6587CD69-241A-4A14-B50E-AF31AC4D4B6A}.Release|x64.Build.0 = Release|x64
		{6587CD69-241A-4A14-B50E-AF31AC4D4B6A}.Release|x86.ActiveCfg = Release|Win32
		{6587CD69-241A-4A14-B50E-AF31AC4D4B6A}.Release|x86.Build.0 = Release|Win32
	EndGlobalSection
	GlobalSection(SolutionProperties) = preSolution
		HideSolutionNode = FALSE
	EndGlobalSection
	GlobalSection(NestedProjects) = preSolution
		{7B05AB1D-BFCE-43E2-B547-7801769B84BB} = {3944B10A-6F67-48FD-8250-9FA08794D2B2}
		{E31BFC52-197A-46A1-AC3A-5364A0D8BEFC} = {3944B10A-6F67-48FD-8250-9FA08794D2B2}
		{62190274-0637-47E0-9921-6B859BE9B7F9} = {D4FBB503-46AF-4ACA-8705-53C85D930FE0}
		{D5F89E03-1A5E-43DB-B991-E0D2ED2BEC90} = {4103A960-82E7-4DA9-BD48-75C467AB99DA}
		{544165AE-C732-44DB-AA98-FECA97DE5240} = {04FCD660-7F5A-4788-8A05-D1D982D00975}
		{E7380E95-DEE4-47E0-B0C2-374F5A82E3C8} = {D4FBB503-46AF-4ACA-8705-53C85D930FE0}
		{7FC924E5-6977-4703-8331-D3D0028654E4} = {4103A960-82E7-4DA9-BD48-75C467AB99DA}
		{73C5E4D4-CFA2-470E-B921-1FB0DD64A24E} = {93498347-4A7A-4209-988A-B00366823109}
		{18EFA18E-BDE2-4B28-8771-58654CC2217A} = {93498347-4A7A-4209-988A-B00366823109}
		{A817DEE9-3D5C-4CD0-818D-E520BD75EE63} = {93498347-4A7A-4209-988A-B00366823109}
		{5B81CE6F-6CDB-410F-B743-321809F43709} = {051C759D-29AF-44EC-AE39-60F610AC2294}
		{6E3D0426-33F2-4ABB-8E39-BDF177C53E77} = {051C759D-29AF-44EC-AE39-60F610AC2294}
		{593F1357-852A-4E3C-A7A2-C9A042A9F409} = {D4FBB503-46AF-4ACA-8705-53C85D930FE0}
		{34DE03A9-FF00-4CE6-93BB-7A63806AACAF} = {04FCD660-7F5A-4788-8A05-D1D982D00975}
		{398FB223-B0A0-442A-8CA9-2B8AFF8ECF70} = {814F91EA-818A-4A0B-B76D-C9DFD0A18FAF}
		{57B242E3-7D1C-47F9-994A-3D1C8D34C262} = {814F91EA-818A-4A0B-B76D-C9DFD0A18FAF}
		{E82695BC-34A4-40C9-B394-3FE17583C396} = {814F91EA-818A-4A0B-B76D-C9DFD0A18FAF}
		{3FBE5D95-FDC6-4E44-AF6F-968F41A8B4B2} = {814F91EA-818A-4A0B-B76D-C9DFD0A18FAF}
		{27B59815-5147-4756-8E70-9637637409B4} = {814F91EA-818A-4A0B-B76D-C9DFD0A18FAF}
		{10B6DE49-DEA1-4536-B3F7-72CA69AD2B8E} = {93498347-4A7A-4209-988A-B00366823109}
		{29310D85-1CCD-4FD9-83A9-91087AB99D29} = {3944B10A-6F67-48FD-8250-9FA08794D2B2}
		{FBFFB17A-D935-4B27-B5F4-73F8FB8E41E2} = {2D8F4CA2-25FA-42F7-8AC1-0873C75637BD}
		{D2EECA43-FC8E-458A-AA41-9D32AC219187} = {2D8F4CA2-25FA-42F7-8AC1-0873C75637BD}
		{8681684B-D7E4-46BD-A0F3-B325018002FE} = {2D8F4CA2-25FA-42F7-8AC1-0873C75637BD}
		{2CC7567A-CFFB-4A0C-9DDE-E1DBB8ABC7F6} = {2D8F4CA2-25FA-42F7-8AC1-0873C75637BD}
		{6587CD69-241A-4A14-B50E-AF31AC4D4B6A} = {2D8F4CA2-25FA-42F7-8AC1-0873C75637BD}
	EndGlobalSection
	GlobalSection(ExtensibilityGlobals) = postSolution
		SolutionGuid = {83205241-4BF5-4C2B-B71E-7BD1C47E82D5}
	EndGlobalSection
EndGlobal
